{
  "originHash" : "2634d14ba4a06ff12c1e183e248d3d46b05d3f6bbe41b428c6fd739a1b32ae0f",
  "pins" : [
    {
      "identity" : "rook-ios-sdk",
      "kind" : "remoteSourceControl",
      "location" : "https://github.com/RookeriesDevelopment/rook-ios-sdk.git",
      "state" : {
        "revision" : "8985207c8bac12208abd3ca7f71f18afe654d5e5",
        "version" : "4.0.0"
      }
    }
  ],
  "version" : 3
}
