{
  "pins" : [
    {
      "identity" : "rook-ios-sdk",
      "kind" : "remoteSourceControl",
      "location" : "https://github.com/RookeriesDevelopment/rook-ios-sdk",
      "state" : {
        "revision" : "375f6ceb1ce3d7816aa36f3cca56d1de773e4d35",
        "version" : "1.0.7"
      }
    }
  ],
  "version" : 2
}
