{
  "pins" : [
    {
      "identity" : "rook-ios-sdk",
      "kind" : "remoteSourceControl",
      "location" : "https://github.com/RookeriesDevelopment/rook-ios-sdk",
      "state" : {
        "revision" : "b4cf010e3fdca011667b0ded6e1ade33ed4153a9",
        "version" : "1.1.1"
      }
    }
  ],
  "version" : 2
}
